{
  "version": 4,
  "terraform_version": "1.5.7",
  "serial": 1,
  "lineage": "13253c69-4c38-db78-4014-d2b189e541df",
  "outputs": {},
  "resources": [
    {
      "module": "module.elastic_dev",
      "mode": "managed",
      "type": "ec_deployment",
      "name": "this",
      "provider": "provider[\"registry.terraform.io/elastic/ec\"]",
      "instances": [
        {
          "schema_version": 2,
          "attributes": {
            "alias": "centralized-it-infra-dev-303563",
            "apm": {
              "config": null,
              "elasticsearch_cluster_ref_id": "main-elasticsearch",
              "http_endpoint": "http://02bb6bfd5e3e4c9e902cfd29b04ab51c.apm.us-east-2.aws.elastic-cloud.com:80",
              "https_endpoint": "https://02bb6bfd5e3e4c9e902cfd29b04ab51c.apm.us-east-2.aws.elastic-cloud.com:443",
              "instance_configuration_id": "aws.apm.c5d",
              "instance_configuration_version": 1,
              "latest_instance_configuration_id": "aws.apm.c5d",
              "latest_instance_configuration_version": 1,
              "ref_id": "main-apm",
              "region": "aws-us-east-2",
              "resource_id": "02bb6bfd5e3e4c9e902cfd29b04ab51c",
              "size": "1g",
              "size_resource": "memory",
              "zone_count": 1
            },
            "apm_secret_token": "QJkoUmgaNxPMzNFpSM",
            "deployment_template_id": "aws-storage-optimized",
            "elasticsearch": {
              "autoscale": false,
              "cloud_id": "centralized-it-infra-dev:dXMtZWFzdC0yLmF3cy5lbGFzdGljLWNsb3VkLmNvbTo0NDMkNThhN2Y5NmY2ZjFkNDc1MDkxM2M0ZjBjZDgzNzc1OGQkNDk1MWQ3ZDM5MzEzNDRmMGIxNjZiY2I2YTQ2Nzg2ZjM=",
              "cold": null,
              "config": null,
              "coordinating": null,
              "extension": null,
              "frozen": null,
              "hot": {
                "autoscaling": {
                  "autoscale": null,
                  "max_size": "4g",
                  "max_size_resource": "memory",
                  "min_size": null,
                  "min_size_resource": null,
                  "policy_override_json": null
                },
                "instance_configuration_id": "aws.es.datahot.i3",
                "instance_configuration_version": 1,
                "latest_instance_configuration_id": "aws.es.datahot.i3",
                "latest_instance_configuration_version": 1,
                "node_roles": [
                  "data_content",
                  "data_hot",
                  "ingest",
                  "master",
                  "remote_cluster_client",
                  "transform"
                ],
                "node_type_data": null,
                "node_type_ingest": null,
                "node_type_master": null,
                "node_type_ml": null,
                "size": "4g",
                "size_resource": "memory",
                "zone_count": 2
              },
              "http_endpoint": "http://58a7f96f6f1d4750913c4f0cd837758d.us-east-2.aws.elastic-cloud.com:9200",
              "https_endpoint": "https://58a7f96f6f1d4750913c4f0cd837758d.us-east-2.aws.elastic-cloud.com:443",
              "keystore_contents": null,
              "master": null,
              "ml": null,
              "ref_id": "main-elasticsearch",
              "region": "aws-us-east-2",
              "remote_cluster": null,
              "resource_id": "58a7f96f6f1d4750913c4f0cd837758d",
              "snapshot": {
                "enabled": true,
                "repository": null
              },
              "snapshot_source": null,
              "strategy": null,
              "trust_account": [
                {
                  "account_id": "2621269142",
                  "trust_all": true,
                  "trust_allowlist": null
                }
              ],
              "trust_external": [],
              "warm": null
            },
            "elasticsearch_password": "k9yoqV1ocqgCceDjI4crofsH",
            "elasticsearch_username": "elastic",
            "enterprise_search": null,
            "id": "303563dd04f547a04441c4e8f378f743",
            "integrations_server": null,
            "kibana": {
              "config": null,
              "elasticsearch_cluster_ref_id": "main-elasticsearch",
              "http_endpoint": "http://4951d7d3931344f0b166bcb6a46786f3.us-east-2.aws.elastic-cloud.com:9200",
              "https_endpoint": "https://4951d7d3931344f0b166bcb6a46786f3.us-east-2.aws.elastic-cloud.com:443",
              "instance_configuration_id": "aws.kibana.c5d",
              "instance_configuration_version": 1,
              "latest_instance_configuration_id": "aws.kibana.c5d",
              "latest_instance_configuration_version": 1,
              "ref_id": "main-kibana",
              "region": "aws-us-east-2",
              "resource_id": "4951d7d3931344f0b166bcb6a46786f3",
              "size": "1g",
              "size_resource": "memory",
              "zone_count": 1
            },
            "migrate_to_latest_hardware": null,
            "name": "centralized-it-infra-dev",
            "observability": null,
            "region": "aws-us-east-2",
            "request_id": "",
            "reset_elasticsearch_password": null,
            "tags": {
              "environment": "dev",
              "project": "centralized-it-infra"
            },
            "traffic_filter": [],
            "version": "9.0.0"
          },
          "sensitive_attributes": [],
          "private": "eyJ0cmFmZmljX2ZpbHRlcnMiOiJXMTA9In0="
        }
      ]
    }
  ],
  "check_results": null
}
